// !$*UTF8*$!
{
	archiveVersion = 1;
	classes = {
	};
	objectVersion = 50;
	objects = {

/* Begin PBXBuildFile section */
		82476337672A8CD2067CA58F /* Pods_MenuTiny.framework in Frameworks */ = {isa = PBXBuildFile; fileRef = BB5404C356720AC119495DC0 /* Pods_MenuTiny.framework */; };
		C91D28C920B55EA4007D53A5 /* MTAStrollHomeViewController.swift in Sources */ = {isa = PBXBuildFile; fileRef = C91D28C820B55EA4007D53A5 /* MTAStrollHomeViewController.swift */; };
		C9728D7D20B55121009BC410 /* MTAM08ViewController.swift in Sources */ = {isa = PBXBuildFile; fileRef = C9728D7C20B55121009BC410 /* MTAM08ViewController.swift */; };
		C977D60E20B50FA800F95E39 /* MTALoginViewController.swift in Sources */ = {isa = PBXBuildFile; fileRef = C977D60D20B50FA800F95E39 /* MTALoginViewController.swift */; };
		C977D78820B51EDD00F95E39 /* MBProgressHUD.m in Sources */ = {isa = PBXBuildFile; fileRef = C977D78720B51EDD00F95E39 /* MBProgressHUD.m */; };
		C977D78A20B51F5800F95E39 /* HDCoreUtils.swift in Sources */ = {isa = PBXBuildFile; fileRef = C977D78920B51F5800F95E39 /* HDCoreUtils.swift */; };
		C977D78C20B522D800F95E39 /* MTARankingViewController.swift in Sources */ = {isa = PBXBuildFile; fileRef = C977D78B20B522D800F95E39 /* MTARankingViewController.swift */; };
		C977D78E20B5436100F95E39 /* HDHM02Service.swift in Sources */ = {isa = PBXBuildFile; fileRef = C977D78D20B5436100F95E39 /* HDHM02Service.swift */; };
		C992B6CD20B3A4600061D136 /* MTAWelcomeViewController.swift in Sources */ = {isa = PBXBuildFile; fileRef = C992B6CC20B3A4600061D136 /* MTAWelcomeViewController.swift */; };
		C992B6D120B3B7490061D136 /* MTATabbarController.swift in Sources */ = {isa = PBXBuildFile; fileRef = C992B6D020B3B7490061D136 /* MTATabbarController.swift */; };
		C992B6D320B3B91F0061D136 /* MTAHomeViewController.swift in Sources */ = {isa = PBXBuildFile; fileRef = C992B6D220B3B91F0061D136 /* MTAHomeViewController.swift */; };
		C992B6D620B3BBE30061D136 /* MTABaseViewController.swift in Sources */ = {isa = PBXBuildFile; fileRef = C992B6D420B3BBE30061D136 /* MTABaseViewController.swift */; };
		C992B6DD20B3D1D10061D136 /* MTAMyViewController.swift in Sources */ = {isa = PBXBuildFile; fileRef = C992B6DC20B3D1D10061D136 /* MTAMyViewController.swift */; };
		C992B6DF20B3F1ED0061D136 /* HDHM01Button.swift in Sources */ = {isa = PBXBuildFile; fileRef = C992B6DE20B3F1EC0061D136 /* HDHM01Button.swift */; };
		C992B6E220B3FFC70061D136 /* MTAHM01Service.swift in Sources */ = {isa = PBXBuildFile; fileRef = C992B6E120B3FFC70061D136 /* MTAHM01Service.swift */; };
		C992B6E520B401240061D136 /* MTACoreDataManager.swift in Sources */ = {isa = PBXBuildFile; fileRef = C992B6E420B401240061D136 /* MTACoreDataManager.swift */; };
		C9CEC6A220B2C617009AFE86 /* AppDelegate.swift in Sources */ = {isa = PBXBuildFile; fileRef = C9CEC6A120B2C617009AFE86 /* AppDelegate.swift */; };
		C9CEC6A720B2C617009AFE86 /* Main.storyboard in Resources */ = {isa = PBXBuildFile; fileRef = C9CEC6A520B2C617009AFE86 /* Main.storyboard */; };
		C9CEC6A920B2C618009AFE86 /* Assets.xcassets in Resources */ = {isa = PBXBuildFile; fileRef = C9CEC6A820B2C618009AFE86 /* Assets.xcassets */; };
		C9CEC6AC20B2C618009AFE86 /* LaunchScreen.storyboard in Resources */ = {isa = PBXBuildFile; fileRef = C9CEC6AA20B2C618009AFE86 /* LaunchScreen.storyboard */; };
		C9CEC6B720B2C619009AFE86 /* MenuTinyTests.swift in Sources */ = {isa = PBXBuildFile; fileRef = C9CEC6B620B2C619009AFE86 /* MenuTinyTests.swift */; };
		C9CEC6C220B2C619009AFE86 /* MenuTinyUITests.swift in Sources */ = {isa = PBXBuildFile; fileRef = C9CEC6C120B2C619009AFE86 /* MenuTinyUITests.swift */; };
		C9CEC6D220B2CB7F009AFE86 /* MTAConstants.swift in Sources */ = {isa = PBXBuildFile; fileRef = C9CEC6D120B2CB7F009AFE86 /* MTAConstants.swift */; };
/* End PBXBuildFile section */

/* Begin PBXContainerItemProxy section */
		C9CEC6B320B2C619009AFE86 /* PBXContainerItemProxy */ = {
			isa = PBXContainerItemProxy;
			containerPortal = C9CEC69620B2C617009AFE86 /* Project object */;
			proxyType = 1;
			remoteGlobalIDString = C9CEC69D20B2C617009AFE86;
			remoteInfo = MenuTiny;
		};
		C9CEC6BE20B2C619009AFE86 /* PBXContainerItemProxy */ = {
			isa = PBXContainerItemProxy;
			containerPortal = C9CEC69620B2C617009AFE86 /* Project object */;
			proxyType = 1;
			remoteGlobalIDString = C9CEC69D20B2C617009AFE86;
			remoteInfo = MenuTiny;
		};
/* End PBXContainerItemProxy section */

/* Begin PBXFileReference section */
		86F63C6DFD920112651B0BA4 /* Pods-MenuTiny.debug.xcconfig */ = {isa = PBXFileReference; includeInIndex = 1; lastKnownFileType = text.xcconfig; name = "Pods-MenuTiny.debug.xcconfig"; path = "Pods/Target Support Files/Pods-MenuTiny/Pods-MenuTiny.debug.xcconfig"; sourceTree = "<group>"; };
		BB5404C356720AC119495DC0 /* Pods_MenuTiny.framework */ = {isa = PBXFileReference; explicitFileType = wrapper.framework; includeInIndex = 0; path = Pods_MenuTiny.framework; sourceTree = BUILT_PRODUCTS_DIR; };
		C91D28C820B55EA4007D53A5 /* MTAStrollHomeViewController.swift */ = {isa = PBXFileReference; lastKnownFileType = sourcecode.swift; path = MTAStrollHomeViewController.swift; sourceTree = "<group>"; };
		C9728D7C20B55121009BC410 /* MTAM08ViewController.swift */ = {isa = PBXFileReference; lastKnownFileType = sourcecode.swift; path = MTAM08ViewController.swift; sourceTree = "<group>"; };
		C977D60D20B50FA800F95E39 /* MTALoginViewController.swift */ = {isa = PBXFileReference; lastKnownFileType = sourcecode.swift; path = MTALoginViewController.swift; sourceTree = "<group>"; };
		C977D78520B51EDB00F95E39 /* MenuTiny-Bridging-Header.h */ = {isa = PBXFileReference; lastKnownFileType = sourcecode.c.h; path = "MenuTiny-Bridging-Header.h"; sourceTree = "<group>"; };
		C977D78620B51EDC00F95E39 /* MBProgressHUD.h */ = {isa = PBXFileReference; fileEncoding = 4; lastKnownFileType = sourcecode.c.h; path = MBProgressHUD.h; sourceTree = "<group>"; };
		C977D78720B51EDD00F95E39 /* MBProgressHUD.m */ = {isa = PBXFileReference; fileEncoding = 4; lastKnownFileType = sourcecode.c.objc; path = MBProgressHUD.m; sourceTree = "<group>"; };
		C977D78920B51F5800F95E39 /* HDCoreUtils.swift */ = {isa = PBXFileReference; fileEncoding = 4; lastKnownFileType = sourcecode.swift; path = HDCoreUtils.swift; sourceTree = "<group>"; };
		C977D78B20B522D800F95E39 /* MTARankingViewController.swift */ = {isa = PBXFileReference; lastKnownFileType = sourcecode.swift; path = MTARankingViewController.swift; sourceTree = "<group>"; };
		C977D78D20B5436100F95E39 /* HDHM02Service.swift */ = {isa = PBXFileReference; lastKnownFileType = sourcecode.swift; path = HDHM02Service.swift; sourceTree = "<group>"; };
		C992B6CC20B3A4600061D136 /* MTAWelcomeViewController.swift */ = {isa = PBXFileReference; lastKnownFileType = sourcecode.swift; path = MTAWelcomeViewController.swift; sourceTree = "<group>"; };
		C992B6D020B3B7490061D136 /* MTATabbarController.swift */ = {isa = PBXFileReference; lastKnownFileType = sourcecode.swift; path = MTATabbarController.swift; sourceTree = "<group>"; };
		C992B6D220B3B91F0061D136 /* MTAHomeViewController.swift */ = {isa = PBXFileReference; lastKnownFileType = sourcecode.swift; path = MTAHomeViewController.swift; sourceTree = "<group>"; };
		C992B6D420B3BBE30061D136 /* MTABaseViewController.swift */ = {isa = PBXFileReference; lastKnownFileType = sourcecode.swift; path = MTABaseViewController.swift; sourceTree = "<group>"; };
		C992B6DC20B3D1D10061D136 /* MTAMyViewController.swift */ = {isa = PBXFileReference; lastKnownFileType = sourcecode.swift; path = MTAMyViewController.swift; sourceTree = "<group>"; };
		C992B6DE20B3F1EC0061D136 /* HDHM01Button.swift */ = {isa = PBXFileReference; fileEncoding = 4; lastKnownFileType = sourcecode.swift; path = HDHM01Button.swift; sourceTree = "<group>"; };
		C992B6E120B3FFC70061D136 /* MTAHM01Service.swift */ = {isa = PBXFileReference; lastKnownFileType = sourcecode.swift; path = MTAHM01Service.swift; sourceTree = "<group>"; };
		C992B6E420B401240061D136 /* MTACoreDataManager.swift */ = {isa = PBXFileReference; lastKnownFileType = sourcecode.swift; path = MTACoreDataManager.swift; sourceTree = "<group>"; };
		C9CEC69E20B2C617009AFE86 /* MenuTiny.app */ = {isa = PBXFileReference; explicitFileType = wrapper.application; includeInIndex = 0; path = MenuTiny.app; sourceTree = BUILT_PRODUCTS_DIR; };
		C9CEC6A120B2C617009AFE86 /* AppDelegate.swift */ = {isa = PBXFileReference; lastKnownFileType = sourcecode.swift; path = AppDelegate.swift; sourceTree = "<group>"; };
		C9CEC6A620B2C617009AFE86 /* Base */ = {isa = PBXFileReference; lastKnownFileType = file.storyboard; name = Base; path = Base.lproj/Main.storyboard; sourceTree = "<group>"; };
		C9CEC6A820B2C618009AFE86 /* Assets.xcassets */ = {isa = PBXFileReference; lastKnownFileType = folder.assetcatalog; path = Assets.xcassets; sourceTree = "<group>"; };
		C9CEC6AB20B2C618009AFE86 /* Base */ = {isa = PBXFileReference; lastKnownFileType = file.storyboard; name = Base; path = Base.lproj/LaunchScreen.storyboard; sourceTree = "<group>"; };
		C9CEC6AD20B2C618009AFE86 /* Info.plist */ = {isa = PBXFileReference; lastKnownFileType = text.plist.xml; path = Info.plist; sourceTree = "<group>"; };
		C9CEC6B220B2C619009AFE86 /* MenuTinyTests.xctest */ = {isa = PBXFileReference; explicitFileType = wrapper.cfbundle; includeInIndex = 0; path = MenuTinyTests.xctest; sourceTree = BUILT_PRODUCTS_DIR; };
		C9CEC6B620B2C619009AFE86 /* MenuTinyTests.swift */ = {isa = PBXFileReference; lastKnownFileType = sourcecode.swift; path = MenuTinyTests.swift; sourceTree = "<group>"; };
		C9CEC6B820B2C619009AFE86 /* Info.plist */ = {isa = PBXFileReference; lastKnownFileType = text.plist.xml; path = Info.plist; sourceTree = "<group>"; };
		C9CEC6BD20B2C619009AFE86 /* MenuTinyUITests.xctest */ = {isa = PBXFileReference; explicitFileType = wrapper.cfbundle; includeInIndex = 0; path = MenuTinyUITests.xctest; sourceTree = BUILT_PRODUCTS_DIR; };
		C9CEC6C120B2C619009AFE86 /* MenuTinyUITests.swift */ = {isa = PBXFileReference; lastKnownFileType = sourcecode.swift; path = MenuTinyUITests.swift; sourceTree = "<group>"; };
		C9CEC6C320B2C619009AFE86 /* Info.plist */ = {isa = PBXFileReference; lastKnownFileType = text.plist.xml; path = Info.plist; sourceTree = "<group>"; };
		C9CEC6D120B2CB7F009AFE86 /* MTAConstants.swift */ = {isa = PBXFileReference; lastKnownFileType = sourcecode.swift; path = MTAConstants.swift; sourceTree = "<group>"; };
		D9DB659351A4785F0F864FB0 /* Pods-MenuTiny.release.xcconfig */ = {isa = PBXFileReference; includeInIndex = 1; lastKnownFileType = text.xcconfig; name = "Pods-MenuTiny.release.xcconfig"; path = "Pods/Target Support Files/Pods-MenuTiny/Pods-MenuTiny.release.xcconfig"; sourceTree = "<group>"; };
/* End PBXFileReference section */

/* Begin PBXFrameworksBuildPhase section */
		C9CEC69B20B2C617009AFE86 /* Frameworks */ = {
			isa = PBXFrameworksBuildPhase;
			buildActionMask = 2147483647;
			files = (
				82476337672A8CD2067CA58F /* Pods_MenuTiny.framework in Frameworks */,
			);
			runOnlyForDeploymentPostprocessing = 0;
		};
		C9CEC6AF20B2C619009AFE86 /* Frameworks */ = {
			isa = PBXFrameworksBuildPhase;
			buildActionMask = 2147483647;
			files = (
			);
			runOnlyForDeploymentPostprocessing = 0;
		};
		C9CEC6BA20B2C619009AFE86 /* Frameworks */ = {
			isa = PBXFrameworksBuildPhase;
			buildActionMask = 2147483647;
			files = (
			);
			runOnlyForDeploymentPostprocessing = 0;
		};
/* End PBXFrameworksBuildPhase section */

/* Begin PBXGroup section */
		3EEEF5951D9F1D2D55FD96F8 /* Pods */ = {
			isa = PBXGroup;
			children = (
				86F63C6DFD920112651B0BA4 /* Pods-MenuTiny.debug.xcconfig */,
				D9DB659351A4785F0F864FB0 /* Pods-MenuTiny.release.xcconfig */,
			);
			name = Pods;
			sourceTree = "<group>";
		};
		82B621AD0D7FCE2761C2D9A3 /* Frameworks */ = {
			isa = PBXGroup;
			children = (
				BB5404C356720AC119495DC0 /* Pods_MenuTiny.framework */,
			);
			name = Frameworks;
			sourceTree = "<group>";
		};
		C91D28C720B55E87007D53A5 /* Stroll */ = {
			isa = PBXGroup;
			children = (
				C91D28C820B55EA4007D53A5 /* MTAStrollHomeViewController.swift */,
			);
			path = Stroll;
			sourceTree = "<group>";
		};
		C992B6CB20B3A4490061D136 /* Controller */ = {
			isa = PBXGroup;
			children = (
				C992B6CC20B3A4600061D136 /* MTAWelcomeViewController.swift */,
				C992B6D420B3BBE30061D136 /* MTABaseViewController.swift */,
				C91D28C720B55E87007D53A5 /* Stroll */,
				C992B6D820B3BC740061D136 /* Home */,
				C992B6DB20B3D18F0061D136 /* My */,
			);
			path = Controller;
			sourceTree = "<group>";
		};
		C992B6D820B3BC740061D136 /* Home */ = {
			isa = PBXGroup;
			children = (
				C992B6D220B3B91F0061D136 /* MTAHomeViewController.swift */,
				C992B6DE20B3F1EC0061D136 /* HDHM01Button.swift */,
				C977D78B20B522D800F95E39 /* MTARankingViewController.swift */,
				C9728D7C20B55121009BC410 /* MTAM08ViewController.swift */,
			);
			path = Home;
			sourceTree = "<group>";
		};
		C992B6DB20B3D18F0061D136 /* My */ = {
			isa = PBXGroup;
			children = (
				C992B6DC20B3D1D10061D136 /* MTAMyViewController.swift */,
				C977D60D20B50FA800F95E39 /* MTALoginViewController.swift */,
			);
			path = My;
			sourceTree = "<group>";
		};
		C992B6E020B3FE4F0061D136 /* Service */ = {
			isa = PBXGroup;
			children = (
				C992B6E120B3FFC70061D136 /* MTAHM01Service.swift */,
				C977D78D20B5436100F95E39 /* HDHM02Service.swift */,
			);
			path = Service;
			sourceTree = "<group>";
		};
		C992B6E320B400F70061D136 /* Core */ = {
			isa = PBXGroup;
			children = (
				C992B6E420B401240061D136 /* MTACoreDataManager.swift */,
			);
			path = Core;
			sourceTree = "<group>";
		};
		C9CEC69520B2C617009AFE86 = {
			isa = PBXGroup;
			children = (
				C9CEC6A020B2C617009AFE86 /* MenuTiny */,
				C9CEC6B520B2C619009AFE86 /* MenuTinyTests */,
				C9CEC6C020B2C619009AFE86 /* MenuTinyUITests */,
				C9CEC69F20B2C617009AFE86 /* Products */,
				3EEEF5951D9F1D2D55FD96F8 /* Pods */,
				82B621AD0D7FCE2761C2D9A3 /* Frameworks */,
			);
			sourceTree = "<group>";
		};
		C9CEC69F20B2C617009AFE86 /* Products */ = {
			isa = PBXGroup;
			children = (
				C9CEC69E20B2C617009AFE86 /* MenuTiny.app */,
				C9CEC6B220B2C619009AFE86 /* MenuTinyTests.xctest */,
				C9CEC6BD20B2C619009AFE86 /* MenuTinyUITests.xctest */,
			);
			name = Products;
			sourceTree = "<group>";
		};
		C9CEC6A020B2C617009AFE86 /* MenuTiny */ = {
			isa = PBXGroup;
			children = (
				C9CEC6A120B2C617009AFE86 /* AppDelegate.swift */,
				C992B6D020B3B7490061D136 /* MTATabbarController.swift */,
				C992B6E020B3FE4F0061D136 /* Service */,
				C992B6CB20B3A4490061D136 /* Controller */,
				C9CEC6CF20B2CB49009AFE86 /* General */,
				C992B6E320B400F70061D136 /* Core */,
				C9CEC6A520B2C617009AFE86 /* Main.storyboard */,
				C9CEC6A820B2C618009AFE86 /* Assets.xcassets */,
				C9CEC6AA20B2C618009AFE86 /* LaunchScreen.storyboard */,
				C9CEC6AD20B2C618009AFE86 /* Info.plist */,
			);
			path = MenuTiny;
			sourceTree = "<group>";
		};
		C9CEC6B520B2C619009AFE86 /* MenuTinyTests */ = {
			isa = PBXGroup;
			children = (
				C9CEC6B620B2C619009AFE86 /* MenuTinyTests.swift */,
				C9CEC6B820B2C619009AFE86 /* Info.plist */,
			);
			path = MenuTinyTests;
			sourceTree = "<group>";
		};
		C9CEC6C020B2C619009AFE86 /* MenuTinyUITests */ = {
			isa = PBXGroup;
			children = (
				C9CEC6C120B2C619009AFE86 /* MenuTinyUITests.swift */,
				C9CEC6C320B2C619009AFE86 /* Info.plist */,
			);
			path = MenuTinyUITests;
			sourceTree = "<group>";
		};
		C9CEC6CF20B2CB49009AFE86 /* General */ = {
			isa = PBXGroup;
			children = (
				C977D78620B51EDC00F95E39 /* MBProgressHUD.h */,
				C977D78720B51EDD00F95E39 /* MBProgressHUD.m */,
				C9CEC6D020B2CB49009AFE86 /* Helper */,
				C977D78520B51EDB00F95E39 /* MenuTiny-Bridging-Header.h */,
			);
			path = General;
			sourceTree = "<group>";
		};
		C9CEC6D020B2CB49009AFE86 /* Helper */ = {
			isa = PBXGroup;
			children = (
				C9CEC6D120B2CB7F009AFE86 /* MTAConstants.swift */,
				C977D78920B51F5800F95E39 /* HDCoreUtils.swift */,
			);
			path = Helper;
			sourceTree = "<group>";
		};
/* End PBXGroup section */

/* Begin PBXNativeTarget section */
		C9CEC69D20B2C617009AFE86 /* MenuTiny */ = {
			isa = PBXNativeTarget;
			buildConfigurationList = C9CEC6C620B2C619009AFE86 /* Build configuration list for PBXNativeTarget "MenuTiny" */;
			buildPhases = (
				B3FDCFE1ADE28BC00C0F9C92 /* [CP] Check Pods Manifest.lock */,
				C9CEC69A20B2C617009AFE86 /* Sources */,
				C9CEC69B20B2C617009AFE86 /* Frameworks */,
				C9CEC69C20B2C617009AFE86 /* Resources */,
				FC6A314F96F14F37C64B187B /* [CP] Embed Pods Frameworks */,
			);
			buildRules = (
			);
			dependencies = (
			);
			name = MenuTiny;
			productName = MenuTiny;
			productReference = C9CEC69E20B2C617009AFE86 /* MenuTiny.app */;
			productType = "com.apple.product-type.application";
		};
		C9CEC6B120B2C619009AFE86 /* MenuTinyTests */ = {
			isa = PBXNativeTarget;
			buildConfigurationList = C9CEC6C920B2C619009AFE86 /* Build configuration list for PBXNativeTarget "MenuTinyTests" */;
			buildPhases = (
				C9CEC6AE20B2C619009AFE86 /* Sources */,
				C9CEC6AF20B2C619009AFE86 /* Frameworks */,
				C9CEC6B020B2C619009AFE86 /* Resources */,
			);
			buildRules = (
			);
			dependencies = (
				C9CEC6B420B2C619009AFE86 /* PBXTargetDependency */,
			);
			name = MenuTinyTests;
			productName = MenuTinyTests;
			productReference = C9CEC6B220B2C619009AFE86 /* MenuTinyTests.xctest */;
			productType = "com.apple.product-type.bundle.unit-test";
		};
		C9CEC6BC20B2C619009AFE86 /* MenuTinyUITests */ = {
			isa = PBXNativeTarget;
			buildConfigurationList = C9CEC6CC20B2C619009AFE86 /* Build configuration list for PBXNativeTarget "MenuTinyUITests" */;
			buildPhases = (
				C9CEC6B920B2C619009AFE86 /* Sources */,
				C9CEC6BA20B2C619009AFE86 /* Frameworks */,
				C9CEC6BB20B2C619009AFE86 /* Resources */,
			);
			buildRules = (
			);
			dependencies = (
				C9CEC6BF20B2C619009AFE86 /* PBXTargetDependency */,
			);
			name = MenuTinyUITests;
			productName = MenuTinyUITests;
			productReference = C9CEC6BD20B2C619009AFE86 /* MenuTinyUITests.xctest */;
			productType = "com.apple.product-type.bundle.ui-testing";
		};
/* End PBXNativeTarget section */

/* Begin PBXProject section */
		C9CEC69620B2C617009AFE86 /* Project object */ = {
			isa = PBXProject;
			attributes = {
				CLASSPREFIX = MTA;
				LastSwiftUpdateCheck = 0930;
				LastUpgradeCheck = 0930;
				ORGANIZATIONNAME = SYJ;
				TargetAttributes = {
					C9CEC69D20B2C617009AFE86 = {
						CreatedOnToolsVersion = 9.3;
						LastSwiftMigration = 0930;
					};
					C9CEC6B120B2C619009AFE86 = {
						CreatedOnToolsVersion = 9.3;
						TestTargetID = C9CEC69D20B2C617009AFE86;
					};
					C9CEC6BC20B2C619009AFE86 = {
						CreatedOnToolsVersion = 9.3;
						TestTargetID = C9CEC69D20B2C617009AFE86;
					};
				};
			};
			buildConfigurationList = C9CEC69920B2C617009AFE86 /* Build configuration list for PBXProject "MenuTiny" */;
			compatibilityVersion = "Xcode 9.3";
			developmentRegion = en;
			hasScannedForEncodings = 0;
			knownRegions = (
				en,
				Base,
			);
			mainGroup = C9CEC69520B2C617009AFE86;
			productRefGroup = C9CEC69F20B2C617009AFE86 /* Products */;
			projectDirPath = "";
			projectRoot = "";
			targets = (
				C9CEC69D20B2C617009AFE86 /* MenuTiny */,
				C9CEC6B120B2C619009AFE86 /* MenuTinyTests */,
				C9CEC6BC20B2C619009AFE86 /* MenuTinyUITests */,
			);
		};
/* End PBXProject section */

/* Begin PBXResourcesBuildPhase section */
		C9CEC69C20B2C617009AFE86 /* Resources */ = {
			isa = PBXResourcesBuildPhase;
			buildActionMask = 2147483647;
			files = (
				C9CEC6AC20B2C618009AFE86 /* LaunchScreen.storyboard in Resources */,
				C9CEC6A920B2C618009AFE86 /* Assets.xcassets in Resources */,
				C9CEC6A720B2C617009AFE86 /* Main.storyboard in Resources */,
			);
			runOnlyForDeploymentPostprocessing = 0;
		};
		C9CEC6B020B2C619009AFE86 /* Resources */ = {
			isa = PBXResourcesBuildPhase;
			buildActionMask = 2147483647;
			files = (
			);
			runOnlyForDeploymentPostprocessing = 0;
		};
		C9CEC6BB20B2C619009AFE86 /* Resources */ = {
			isa = PBXResourcesBuildPhase;
			buildActionMask = 2147483647;
			files = (
			);
			runOnlyForDeploymentPostprocessing = 0;
		};
/* End PBXResourcesBuildPhase section */

/* Begin PBXShellScriptBuildPhase section */
		B3FDCFE1ADE28BC00C0F9C92 /* [CP] Check Pods Manifest.lock */ = {
			isa = PBXShellScriptBuildPhase;
			buildActionMask = 2147483647;
			files = (
			);
			inputPaths = (
				"${PODS_PODFILE_DIR_PATH}/Podfile.lock",
				"${PODS_ROOT}/Manifest.lock",
			);
			name = "[CP] Check Pods Manifest.lock";
			outputPaths = (
				"$(DERIVED_FILE_DIR)/Pods-MenuTiny-checkManifestLockResult.txt",
			);
			runOnlyForDeploymentPostprocessing = 0;
			shellPath = /bin/sh;
			shellScript = "diff \"${PODS_PODFILE_DIR_PATH}/Podfile.lock\" \"${PODS_ROOT}/Manifest.lock\" > /dev/null\nif [ $? != 0 ] ; then\n    # print error to STDERR\n    echo \"error: The sandbox is not in sync with the Podfile.lock. Run 'pod install' or update your CocoaPods installation.\" >&2\n    exit 1\nfi\n# This output is used by Xcode 'outputs' to avoid re-running this script phase.\necho \"SUCCESS\" > \"${SCRIPT_OUTPUT_FILE_0}\"\n";
			showEnvVarsInLog = 0;
		};
		FC6A314F96F14F37C64B187B /* [CP] Embed Pods Frameworks */ = {
			isa = PBXShellScriptBuildPhase;
			buildActionMask = 2147483647;
			files = (
			);
			inputPaths = (
				"${SRCROOT}/Pods/Target Support Files/Pods-MenuTiny/Pods-MenuTiny-frameworks.sh",
				"${BUILT_PRODUCTS_DIR}/Alamofire/Alamofire.framework",
				"${BUILT_PRODUCTS_DIR}/Kingfisher/Kingfisher.framework",
				"${BUILT_PRODUCTS_DIR}/SnapKit/SnapKit.framework",
			);
			name = "[CP] Embed Pods Frameworks";
			outputPaths = (
				"${TARGET_BUILD_DIR}/${FRAMEWORKS_FOLDER_PATH}/Alamofire.framework",
				"${TARGET_BUILD_DIR}/${FRAMEWORKS_FOLDER_PATH}/Kingfisher.framework",
				"${TARGET_BUILD_DIR}/${FRAMEWORKS_FOLDER_PATH}/SnapKit.framework",
			);
			runOnlyForDeploymentPostprocessing = 0;
			shellPath = /bin/sh;
			shellScript = "\"${SRCROOT}/Pods/Target Support Files/Pods-MenuTiny/Pods-MenuTiny-frameworks.sh\"\n";
			showEnvVarsInLog = 0;
		};
/* End PBXShellScriptBuildPhase section */

/* Begin PBXSourcesBuildPhase section */
		C9CEC69A20B2C617009AFE86 /* Sources */ = {
			isa = PBXSourcesBuildPhase;
			buildActionMask = 2147483647;
			files = (
				C9CEC6A220B2C617009AFE86 /* AppDelegate.swift in Sources */,
				C977D78A20B51F5800F95E39 /* HDCoreUtils.swift in Sources */,
				C977D60E20B50FA800F95E39 /* MTALoginViewController.swift in Sources */,
				C992B6DF20B3F1ED0061D136 /* HDHM01Button.swift in Sources */,
				C977D78E20B5436100F95E39 /* HDHM02Service.swift in Sources */,
				C992B6E220B3FFC70061D136 /* MTAHM01Service.swift in Sources */,
				C992B6D120B3B7490061D136 /* MTATabbarController.swift in Sources */,
				C992B6CD20B3A4600061D136 /* MTAWelcomeViewController.swift in Sources */,
				C992B6DD20B3D1D10061D136 /* MTAMyViewController.swift in Sources */,
				C977D78C20B522D800F95E39 /* MTARankingViewController.swift in Sources */,
				C992B6D320B3B91F0061D136 /* MTAHomeViewController.swift in Sources */,
				C91D28C920B55EA4007D53A5 /* MTAStrollHomeViewController.swift in Sources */,
				C9728D7D20B55121009BC410 /* MTAM08ViewController.swift in Sources */,
				C992B6D620B3BBE30061D136 /* MTABaseViewController.swift in Sources */,
				C977D78820B51EDD00F95E39 /* MBProgressHUD.m in Sources */,
				C9CEC6D220B2CB7F009AFE86 /* MTAConstants.swift in Sources */,
				C992B6E520B401240061D136 /* MTACoreDataManager.swift in Sources */,
			);
			runOnlyForDeploymentPostprocessing = 0;
		};
		C9CEC6AE20B2C619009AFE86 /* Sources */ = {
			isa = PBXSourcesBuildPhase;
			buildActionMask = 2147483647;
			files = (
				C9CEC6B720B2C619009AFE86 /* MenuTinyTests.swift in Sources */,
			);
			runOnlyForDeploymentPostprocessing = 0;
		};
		C9CEC6B920B2C619009AFE86 /* Sources */ = {
			isa = PBXSourcesBuildPhase;
			buildActionMask = 2147483647;
			files = (
				C9CEC6C220B2C619009AFE86 /* MenuTinyUITests.swift in Sources */,
			);
			runOnlyForDeploymentPostprocessing = 0;
		};
/* End PBXSourcesBuildPhase section */

/* Begin PBXTargetDependency section */
		C9CEC6B420B2C619009AFE86 /* PBXTargetDependency */ = {
			isa = PBXTargetDependency;
			target = C9CEC69D20B2C617009AFE86 /* MenuTiny */;
			targetProxy = C9CEC6B320B2C619009AFE86 /* PBXContainerItemProxy */;
		};
		C9CEC6BF20B2C619009AFE86 /* PBXTargetDependency */ = {
			isa = PBXTargetDependency;
			target = C9CEC69D20B2C617009AFE86 /* MenuTiny */;
			targetProxy = C9CEC6BE20B2C619009AFE86 /* PBXContainerItemProxy */;
		};
/* End PBXTargetDependency section */

/* Begin PBXVariantGroup section */
		C9CEC6A520B2C617009AFE86 /* Main.storyboard */ = {
			isa = PBXVariantGroup;
			children = (
				C9CEC6A620B2C617009AFE86 /* Base */,
			);
			name = Main.storyboard;
			sourceTree = "<group>";
		};
		C9CEC6AA20B2C618009AFE86 /* LaunchScreen.storyboard */ = {
			isa = PBXVariantGroup;
			children = (
				C9CEC6AB20B2C618009AFE86 /* Base */,
			);
			name = LaunchScreen.storyboard;
			sourceTree = "<group>";
		};
/* End PBXVariantGroup section */

/* Begin XCBuildConfiguration section */
		C9CEC6C420B2C619009AFE86 /* Debug */ = {
			isa = XCBuildConfiguration;
			buildSettings = {
				ALWAYS_SEARCH_USER_PATHS = NO;
				CLANG_ANALYZER_NONNULL = YES;
				CLANG_ANALYZER_NUMBER_OBJECT_CONVERSION = YES_AGGRESSIVE;
				CLANG_CXX_LANGUAGE_STANDARD = "gnu++14";
				CLANG_CXX_LIBRARY = "libc++";
				CLANG_ENABLE_MODULES = YES;
				CLANG_ENABLE_OBJC_ARC = YES;
				CLANG_ENABLE_OBJC_WEAK = YES;
				CLANG_WARN_BLOCK_CAPTURE_AUTORELEASING = YES;
				CLANG_WARN_BOOL_CONVERSION = YES;
				CLANG_WARN_COMMA = YES;
				CLANG_WARN_CONSTANT_CONVERSION = YES;
				CLANG_WARN_DEPRECATED_OBJC_IMPLEMENTATIONS = YES;
				CLANG_WARN_DIRECT_OBJC_ISA_USAGE = YES_ERROR;
				CLANG_WARN_DOCUMENTATION_COMMENTS = YES;
				CLANG_WARN_EMPTY_BODY = YES;
				CLANG_WARN_ENUM_CONVERSION = YES;
				CLANG_WARN_INFINITE_RECURSION = YES;
				CLANG_WARN_INT_CONVERSION = YES;
				CLANG_WARN_NON_LITERAL_NULL_CONVERSION = YES;
				CLANG_WARN_OBJC_IMPLICIT_RETAIN_SELF = YES;
				CLANG_WARN_OBJC_LITERAL_CONVERSION = YES;
				CLANG_WARN_OBJC_ROOT_CLASS = YES_ERROR;
				CLANG_WARN_RANGE_LOOP_ANALYSIS = YES;
				CLANG_WARN_STRICT_PROTOTYPES = YES;
				CLANG_WARN_SUSPICIOUS_MOVE = YES;
				CLANG_WARN_UNGUARDED_AVAILABILITY = YES_AGGRESSIVE;
				CLANG_WARN_UNREACHABLE_CODE = YES;
				CLANG_WARN__DUPLICATE_METHOD_MATCH = YES;
				CODE_SIGN_IDENTITY = "iPhone Developer";
				COPY_PHASE_STRIP = NO;
				DEBUG_INFORMATION_FORMAT = dwarf;
				ENABLE_STRICT_OBJC_MSGSEND = YES;
				ENABLE_TESTABILITY = YES;
				GCC_C_LANGUAGE_STANDARD = gnu11;
				GCC_DYNAMIC_NO_PIC = NO;
				GCC_NO_COMMON_BLOCKS = YES;
				GCC_OPTIMIZATION_LEVEL = 0;
				GCC_PREPROCESSOR_DEFINITIONS = (
					"DEBUG=1",
					"$(inherited)",
				);
				GCC_WARN_64_TO_32_BIT_CONVERSION = YES;
				GCC_WARN_ABOUT_RETURN_TYPE = YES_ERROR;
				GCC_WARN_UNDECLARED_SELECTOR = YES;
				GCC_WARN_UNINITIALIZED_AUTOS = YES_AGGRESSIVE;
				GCC_WARN_UNUSED_FUNCTION = YES;
				GCC_WARN_UNUSED_VARIABLE = YES;
				IPHONEOS_DEPLOYMENT_TARGET = 11.3;
				MTL_ENABLE_DEBUG_INFO = YES;
				ONLY_ACTIVE_ARCH = YES;
				SDKROOT = iphoneos;
				SWIFT_ACTIVE_COMPILATION_CONDITIONS = DEBUG;
				SWIFT_OPTIMIZATION_LEVEL = "-Onone";
			};
			name = Debug;
		};
		C9CEC6C520B2C619009AFE86 /* Release */ = {
			isa = XCBuildConfiguration;
			buildSettings = {
				ALWAYS_SEARCH_USER_PATHS = NO;
				CLANG_ANALYZER_NONNULL = YES;
				CLANG_ANALYZER_NUMBER_OBJECT_CONVERSION = YES_AGGRESSIVE;
				CLANG_CXX_LANGUAGE_STANDARD = "gnu++14";
				CLANG_CXX_LIBRARY = "libc++";
				CLANG_ENABLE_MODULES = YES;
				CLANG_ENABLE_OBJC_ARC = YES;
				CLANG_ENABLE_OBJC_WEAK = YES;
				CLANG_WARN_BLOCK_CAPTURE_AUTORELEASING = YES;
				CLANG_WARN_BOOL_CONVERSION = YES;
				CLANG_WARN_COMMA = YES;
				CLANG_WARN_CONSTANT_CONVERSION = YES;
				CLANG_WARN_DEPRECATED_OBJC_IMPLEMENTATIONS = YES;
				CLANG_WARN_DIRECT_OBJC_ISA_USAGE = YES_ERROR;
				CLANG_WARN_DOCUMENTATION_COMMENTS = YES;
				CLANG_WARN_EMPTY_BODY = YES;
				CLANG_WARN_ENUM_CONVERSION = YES;
				CLANG_WARN_INFINITE_RECURSION = YES;
				CLANG_WARN_INT_CONVERSION = YES;
				CLANG_WARN_NON_LITERAL_NULL_CONVERSION = YES;
				CLANG_WARN_OBJC_IMPLICIT_RETAIN_SELF = YES;
				CLANG_WARN_OBJC_LITERAL_CONVERSION = YES;
				CLANG_WARN_OBJC_ROOT_CLASS = YES_ERROR;
				CLANG_WARN_RANGE_LOOP_ANALYSIS = YES;
				CLANG_WARN_STRICT_PROTOTYPES = YES;
				CLANG_WARN_SUSPICIOUS_MOVE = YES;
				CLANG_WARN_UNGUARDED_AVAILABILITY = YES_AGGRESSIVE;
				CLANG_WARN_UNREACHABLE_CODE = YES;
				CLANG_WARN__DUPLICATE_METHOD_MATCH = YES;
				CODE_SIGN_IDENTITY = "iPhone Developer";
				COPY_PHASE_STRIP = NO;
				DEBUG_INFORMATION_FORMAT = "dwarf-with-dsym";
				ENABLE_NS_ASSERTIONS = NO;
				ENABLE_STRICT_OBJC_MSGSEND = YES;
				GCC_C_LANGUAGE_STANDARD = gnu11;
				GCC_NO_COMMON_BLOCKS = YES;
				GCC_WARN_64_TO_32_BIT_CONVERSION = YES;
				GCC_WARN_ABOUT_RETURN_TYPE = YES_ERROR;
				GCC_WARN_UNDECLARED_SELECTOR = YES;
				GCC_WARN_UNINITIALIZED_AUTOS = YES_AGGRESSIVE;
				GCC_WARN_UNUSED_FUNCTION = YES;
				GCC_WARN_UNUSED_VARIABLE = YES;
				IPHONEOS_DEPLOYMENT_TARGET = 11.3;
				MTL_ENABLE_DEBUG_INFO = NO;
				SDKROOT = iphoneos;
				SWIFT_COMPILATION_MODE = wholemodule;
				SWIFT_OPTIMIZATION_LEVEL = "-O";
				VALIDATE_PRODUCT = YES;
			};
			name = Release;
		};
		C9CEC6C720B2C619009AFE86 /* Debug */ = {
			isa = XCBuildConfiguration;
			baseConfigurationReference = 86F63C6DFD920112651B0BA4 /* Pods-MenuTiny.debug.xcconfig */;
			buildSettings = {
				ASSETCATALOG_COMPILER_APPICON_NAME = AppIcon;
				CLANG_ENABLE_MODULES = YES;
				CODE_SIGN_STYLE = Manual;
				DEVELOPMENT_TEAM = "";
				INFOPLIST_FILE = MenuTiny/Info.plist;
				IPHONEOS_DEPLOYMENT_TARGET = 9.0;
				LD_RUNPATH_SEARCH_PATHS = (
					"$(inherited)",
					"@executable_path/Frameworks",
				);
				PRODUCT_BUNDLE_IDENTIFIER = com.syj.MenuTiny;
				PRODUCT_NAME = "$(TARGET_NAME)";
				PROVISIONING_PROFILE_SPECIFIER = "";
				SWIFT_OBJC_BRIDGING_HEADER = "MenuTiny/General/MenuTiny-Bridging-Header.h";
				SWIFT_OPTIMIZATION_LEVEL = "-Onone";
				SWIFT_VERSION = 4.0;
				TARGETED_DEVICE_FAMILY = "1,2";
			};
			name = Debug;
		};
		C9CEC6C820B2C619009AFE86 /* Release */ = {
			isa = XCBuildConfiguration;
			baseConfigurationReference = D9DB659351A4785F0F864FB0 /* Pods-MenuTiny.release.xcconfig */;
			buildSettings = {
				ASSETCATALOG_COMPILER_APPICON_NAME = AppIcon;
				CLANG_ENABLE_MODULES = YES;
				CODE_SIGN_STYLE = Manual;
				DEVELOPMENT_TEAM = "";
				INFOPLIST_FILE = MenuTiny/Info.plist;
				IPHONEOS_DEPLOYMENT_TARGET = 9.0;
				LD_RUNPATH_SEARCH_PATHS = (
					"$(inherited)",
					"@executable_path/Frameworks",
				);
				PRODUCT_BUNDLE_IDENTIFIER = com.syj.MenuTiny;
				PRODUCT_NAME = "$(TARGET_NAME)";
				PROVISIONING_PROFILE_SPECIFIER = "";
				SWIFT_OBJC_BRIDGING_HEADER = "MenuTiny/General/MenuTiny-Bridging-Header.h";
				SWIFT_VERSION = 4.0;
				TARGETED_DEVICE_FAMILY = "1,2";
			};
			name = Release;
		};
		C9CEC6CA20B2C619009AFE86 /* Debug */ = {
			isa = XCBuildConfiguration;
			buildSettings = {
				ALWAYS_EMBED_SWIFT_STANDARD_LIBRARIES = YES;
				BUNDLE_LOADER = "$(TEST_HOST)";
				CODE_SIGN_STYLE = Automatic;
				INFOPLIST_FILE = MenuTinyTests/Info.plist;
				LD_RUNPATH_SEARCH_PATHS = (
					"$(inherited)",
					"@executable_path/Frameworks",
					"@loader_path/Frameworks",
				);
				PRODUCT_BUNDLE_IDENTIFIER = com.syj.MenuTinyTests;
				PRODUCT_NAME = "$(TARGET_NAME)";
				SWIFT_VERSION = 4.0;
				TARGETED_DEVICE_FAMILY = "1,2";
				TEST_HOST = "$(BUILT_PRODUCTS_DIR)/MenuTiny.app/MenuTiny";
			};
			name = Debug;
		};
		C9CEC6CB20B2C619009AFE86 /* Release */ = {
			isa = XCBuildConfiguration;
			buildSettings = {
				ALWAYS_EMBED_SWIFT_STANDARD_LIBRARIES = YES;
				BUNDLE_LOADER = "$(TEST_HOST)";
				CODE_SIGN_STYLE = Automatic;
				INFOPLIST_FILE = MenuTinyTests/Info.plist;
				LD_RUNPATH_SEARCH_PATHS = (
					"$(inherited)",
					"@executable_path/Frameworks",
					"@loader_path/Frameworks",
				);
				PRODUCT_BUNDLE_IDENTIFIER = com.syj.MenuTinyTests;
				PRODUCT_NAME = "$(TARGET_NAME)";
				SWIFT_VERSION = 4.0;
				TARGETED_DEVICE_FAMILY = "1,2";
				TEST_HOST = "$(BUILT_PRODUCTS_DIR)/MenuTiny.app/MenuTiny";
			};
			name = Release;
		};
		C9CEC6CD20B2C619009AFE86 /* Debug */ = {
			isa = XCBuildConfiguration;
			buildSettings = {
				ALWAYS_EMBED_SWIFT_STANDARD_LIBRARIES = YES;
				CODE_SIGN_STYLE = Automatic;
				INFOPLIST_FILE = MenuTinyUITests/Info.plist;
				LD_RUNPATH_SEARCH_PATHS = (
					"$(inherited)",
					"@executable_path/Frameworks",
					"@loader_path/Frameworks",
				);
				PRODUCT_BUNDLE_IDENTIFIER = com.syj.MenuTinyUITests;
				PRODUCT_NAME = "$(TARGET_NAME)";
				SWIFT_VERSION = 4.0;
				TARGETED_DEVICE_FAMILY = "1,2";
				TEST_TARGET_NAME = MenuTiny;
			};
			name = Debug;
		};
		C9CEC6CE20B2C619009AFE86 /* Release */ = {
			isa = XCBuildConfiguration;
			buildSettings = {
				ALWAYS_EMBED_SWIFT_STANDARD_LIBRARIES = YES;
				CODE_SIGN_STYLE = Automatic;
				INFOPLIST_FILE = MenuTinyUITests/Info.plist;
				LD_RUNPATH_SEARCH_PATHS = (
					"$(inherited)",
					"@executable_path/Frameworks",
					"@loader_path/Frameworks",
				);
				PRODUCT_BUNDLE_IDENTIFIER = com.syj.MenuTinyUITests;
				PRODUCT_NAME = "$(TARGET_NAME)";
				SWIFT_VERSION = 4.0;
				TARGETED_DEVICE_FAMILY = "1,2";
				TEST_TARGET_NAME = MenuTiny;
			};
			name = Release;
		};
/* End XCBuildConfiguration section */

/* Begin XCConfigurationList section */
		C9CEC69920B2C617009AFE86 /* Build configuration list for PBXProject "MenuTiny" */ = {
			isa = XCConfigurationList;
			buildConfigurations = (
				C9CEC6C420B2C619009AFE86 /* Debug */,
				C9CEC6C520B2C619009AFE86 /* Release */,
			);
			defaultConfigurationIsVisible = 0;
			defaultConfigurationName = Release;
		};
		C9CEC6C620B2C619009AFE86 /* Build configuration list for PBXNativeTarget "MenuTiny" */ = {
			isa = XCConfigurationList;
			buildConfigurations = (
				C9CEC6C720B2C619009AFE86 /* Debug */,
				C9CEC6C820B2C619009AFE86 /* Release */,
			);
			defaultConfigurationIsVisible = 0;
			defaultConfigurationName = Release;
		};
		C9CEC6C920B2C619009AFE86 /* Build configuration list for PBXNativeTarget "MenuTinyTests" */ = {
			isa = XCConfigurationList;
			buildConfigurations = (
				C9CEC6CA20B2C619009AFE86 /* Debug */,
				C9CEC6CB20B2C619009AFE86 /* Release */,
			);
			defaultConfigurationIsVisible = 0;
			defaultConfigurationName = Release;
		};
		C9CEC6CC20B2C619009AFE86 /* Build configuration list for PBXNativeTarget "MenuTinyUITests" */ = {
			isa = XCConfigurationList;
			buildConfigurations = (
				C9CEC6CD20B2C619009AFE86 /* Debug */,
				C9CEC6CE20B2C619009AFE86 /* Release */,
			);
			defaultConfigurationIsVisible = 0;
			defaultConfigurationName = Release;
		};
/* End XCConfigurationList section */
	};
	rootObject = C9CEC69620B2C617009AFE86 /* Project object */;
}
